{
  "name": "barufaldi-abogados",
  "version": "1.0.0",
  "lockfileVersion": 1,
  "requires": true,
  "dependencies": {
    "lucide-react": {
      "version": "0.468.0",
      "resolved": "https://registry.npmjs.org/lucide-react/-/lucide-react-0.468.0.tgz"
    },
    "next": {
      "version": "15.5.2",
      "resolved": "https://registry.npmjs.org/next/-/next-15.5.2.tgz"
    },
    "react": {
      "version": "19.1.0",
      "resolved": "https://registry.npmjs.org/react/-/react-19.1.0.tgz"
    },
    "react-dom": {
      "version": "19.1.0",
      "resolved": "https://registry.npmjs.org/react-dom/-/react-dom-19.1.0.tgz"
    },
    "@types/node": {
      "version": "22.0.0",
      "resolved": "https://registry.npmjs.org/@types/node/-/node-22.0.0.tgz"
    },
    "@types/react": {
      "version": "19.0.0",
      "resolved": "https://registry.npmjs.org/@types/react/-/react-19.0.0.tgz"
    },
    "@types/react-dom": {
      "version": "19.0.0",
      "resolved": "https://registry.npmjs.org/@types/react-dom/-/react-dom-19.0.0.tgz"
    },
    "eslint": {
      "version": "9.0.0",
      "resolved": "https://registry.npmjs.org/eslint/-/eslint-9.0.0.tgz"
    },
    "eslint-config-next": {
      "version": "15.5.2",
      "resolved": "https://registry.npmjs.org/eslint-config-next/-/eslint-config-next-15.5.2.tgz"
    },
    "typescript": {
      "version": "5.7.0",
      "resolved": "https://registry.npmjs.org/typescript/-/typescript-5.7.0.tgz"
    },
    "tailwindcss": {
      "version": "3.4.17",
      "resolved": "https://registry.npmjs.org/tailwindcss/-/tailwindcss-3.4.17.tgz"
    },
    "postcss": {
      "version": "8.4.49",
      "resolved": "https://registry.npmjs.org/postcss/-/postcss-8.4.49.tgz"
    },
    "autoprefixer": {
      "version": "10.4.20",
      "resolved": "https://registry.npmjs.org/autoprefixer/-/autoprefixer-10.4.20.tgz"
    }
  }
}
